
Microsoft Visual Studio Solution File, Format Version 12.00
# Visual Studio Version 17
VisualStudioVersion = 17.3.32929.385
MinimumVisualStudioVersion = 10.0.40219.1
Project("{FAE04EC0-301F-11D3-BF4B-00C04F79EFBC}") = "FishMovement", "FishMovement.csproj", "{1FDED087-D9A9-4420-B80A-28C537F91D12}"
EndProject
Global
	GlobalSection(SolutionConfigurationPlatforms) = preSolution
		Debug|Any CPU = Debug|Any CPU
		Release|Any CPU = Release|Any CPU
	EndGlobalSection
	GlobalSection(ProjectConfigurationPlatforms) = postSolution
		{1FDED087-D9A9-4420-B80A-28C537F91D12}.Debug|Any CPU.ActiveCfg = Debug|Any CPU
		{1FDED087-D9A9-4420-B80A-28C537F91D12}.Debug|Any CPU.Build.0 = Debug|Any CPU
		{1FDED087-D9A9-4420-B80A-28C537F91D12}.Release|Any CPU.ActiveCfg = Release|Any CPU
		{1FDED087-D9A9-4420-B80A-28C537F91D12}.Release|Any CPU.Build.0 = Release|Any CPU
	EndGlobalSection
	GlobalSection(SolutionProperties) = preSolution
		HideSolutionNode = FALSE
	EndGlobalSection
	GlobalSection(ExtensibilityGlobals) = postSolution
		SolutionGuid = {38454192-D95B-4B89-9425-6043C68E2786}
	EndGlobalSection
EndGlobal
